
Microsoft Visual Studio Solution File, Format Version 12.00
# Visual Studio Version 16
VisualStudioVersion = 16.0.29025.244
MinimumVisualStudioVersion = 10.0.40219.1
Project("{FAE04EC0-301F-11D3-BF4B-00C04F79EFBC}") = "Rediscovery.Android", "Rediscovery\Rediscovery.Android\Rediscovery.Android.csproj", "{F9C86884-BB0E-424A-AD62-85B29F533BA1}"
EndProject
Project("{9A19103F-16F7-4668-BE54-9A1E7A4F7556}") = "Rediscovery", "Rediscovery\Rediscovery\Rediscovery.csproj", "{DE1F1607-91A9-4F5A-BF2C-384F4E8BFFA8}"
EndProject
Project("{9A19103F-16F7-4668-BE54-9A1E7A4F7556}") = "DesktopService", "DesktopService\DesktopService.csproj", "{CDAB17EE-1789-475E-A57E-5EB2680EAA46}"
EndProject
Project("{9A19103F-16F7-4668-BE54-9A1E7A4F7556}") = "SharedCoreModels", "SharedCoreModels\SharedCoreModels.csproj", "{65DE6FDC-4E63-43EA-AE5E-4F1415AB886A}"
EndProject
Project("{9A19103F-16F7-4668-BE54-9A1E7A4F7556}") = "DesktopHub", "DesktopHub\DesktopHub.csproj", "{0E24B3C4-5F40-4F67-8987-2CB3B024554E}"
EndProject
Project("{9A19103F-16F7-4668-BE54-9A1E7A4F7556}") = "IPCPipe", "IPCPipe\IPCPipe.csproj", "{2F0E6193-A5C9-4B6D-A0C2-B2D6C64159B9}"
EndProject
Project("{9A19103F-16F7-4668-BE54-9A1E7A4F7556}") = "DesktopFeatureConsole", "DesktopFeatureConsole\DesktopFeatureConsole.csproj", "{C78CC576-A6BB-4CE4-BCE1-1825485A357B}"
EndProject
Project("{9A19103F-16F7-4668-BE54-9A1E7A4F7556}") = "DesktopFeatureTestApp", "DesktopFeatureTestApp\DesktopFeatureTestApp.csproj", "{D32AC972-3771-45EB-BB68-2B51979DB6F7}"
EndProject
Project("{9A19103F-16F7-4668-BE54-9A1E7A4F7556}") = "SharedFeatureFunctions", "SharedFeatureFunctions\SharedFeatureFunctions.csproj", "{1B545E83-6992-45F9-BCC2-2697398A8D84}"
EndProject
Project("{9A19103F-16F7-4668-BE54-9A1E7A4F7556}") = "DesktopFeatureMediaPlayer", "DesktopFeatureMediaPlayer\DesktopFeatureMediaPlayer.csproj", "{C734837E-B6D7-4CEB-81B5-03820CE2BA8F}"
EndProject
Global
	GlobalSection(SolutionConfigurationPlatforms) = preSolution
		Debug|Any CPU = Debug|Any CPU
		Debug|x64 = Debug|x64
		Debug|x86 = Debug|x86
		Release|Any CPU = Release|Any CPU
		Release|x64 = Release|x64
		Release|x86 = Release|x86
	EndGlobalSection
	GlobalSection(ProjectConfigurationPlatforms) = postSolution
		{F9C86884-BB0E-424A-AD62-85B29F533BA1}.Debug|Any CPU.ActiveCfg = Debug|Any CPU
		{F9C86884-BB0E-424A-AD62-85B29F533BA1}.Debug|Any CPU.Build.0 = Debug|Any CPU
		{F9C86884-BB0E-424A-AD62-85B29F533BA1}.Debug|Any CPU.Deploy.0 = Debug|Any CPU
		{F9C86884-BB0E-424A-AD62-85B29F533BA1}.Debug|x64.ActiveCfg = Debug|x64
		{F9C86884-BB0E-424A-AD62-85B29F533BA1}.Debug|x64.Build.0 = Debug|x64
		{F9C86884-BB0E-424A-AD62-85B29F533BA1}.Debug|x64.Deploy.0 = Debug|x64
		{F9C86884-BB0E-424A-AD62-85B29F533BA1}.Debug|x86.ActiveCfg = Debug|x86
		{F9C86884-BB0E-424A-AD62-85B29F533BA1}.Debug|x86.Build.0 = Debug|x86
		{F9C86884-BB0E-424A-AD62-85B29F533BA1}.Debug|x86.Deploy.0 = Debug|x86
		{F9C86884-BB0E-424A-AD62-85B29F533BA1}.Release|Any CPU.ActiveCfg = Release|Any CPU
		{F9C86884-BB0E-424A-AD62-85B29F533BA1}.Release|Any CPU.Build.0 = Release|Any CPU
		{F9C86884-BB0E-424A-AD62-85B29F533BA1}.Release|Any CPU.Deploy.0 = Release|Any CPU
		{F9C86884-BB0E-424A-AD62-85B29F533BA1}.Release|x64.ActiveCfg = Release|x64
		{F9C86884-BB0E-424A-AD62-85B29F533BA1}.Release|x64.Build.0 = Release|x64
		{F9C86884-BB0E-424A-AD62-85B29F533BA1}.Release|x64.Deploy.0 = Release|x64
		{F9C86884-BB0E-424A-AD62-85B29F533BA1}.Release|x86.ActiveCfg = Release|x86
		{F9C86884-BB0E-424A-AD62-85B29F533BA1}.Release|x86.Build.0 = Release|x86
		{F9C86884-BB0E-424A-AD62-85B29F533BA1}.Release|x86.Deploy.0 = Release|x86
		{DE1F1607-91A9-4F5A-BF2C-384F4E8BFFA8}.Debug|Any CPU.ActiveCfg = Debug|Any CPU
		{DE1F1607-91A9-4F5A-BF2C-384F4E8BFFA8}.Debug|Any CPU.Build.0 = Debug|Any CPU
		{DE1F1607-91A9-4F5A-BF2C-384F4E8BFFA8}.Debug|x64.ActiveCfg = Debug|x64
		{DE1F1607-91A9-4F5A-BF2C-384F4E8BFFA8}.Debug|x64.Build.0 = Debug|x64
		{DE1F1607-91A9-4F5A-BF2C-384F4E8BFFA8}.Debug|x86.ActiveCfg = Debug|x86
		{DE1F1607-91A9-4F5A-BF2C-384F4E8BFFA8}.Debug|x86.Build.0 = Debug|x86
		{DE1F1607-91A9-4F5A-BF2C-384F4E8BFFA8}.Release|Any CPU.ActiveCfg = Release|Any CPU
		{DE1F1607-91A9-4F5A-BF2C-384F4E8BFFA8}.Release|Any CPU.Build.0 = Release|Any CPU
		{DE1F1607-91A9-4F5A-BF2C-384F4E8BFFA8}.Release|x64.ActiveCfg = Release|x64
		{DE1F1607-91A9-4F5A-BF2C-384F4E8BFFA8}.Release|x64.Build.0 = Release|x64
		{DE1F1607-91A9-4F5A-BF2C-384F4E8BFFA8}.Release|x86.ActiveCfg = Release|x86
		{DE1F1607-91A9-4F5A-BF2C-384F4E8BFFA8}.Release|x86.Build.0 = Release|x86
		{CDAB17EE-1789-475E-A57E-5EB2680EAA46}.Debug|Any CPU.ActiveCfg = Debug|Any CPU
		{CDAB17EE-1789-475E-A57E-5EB2680EAA46}.Debug|Any CPU.Build.0 = Debug|Any CPU
		{CDAB17EE-1789-475E-A57E-5EB2680EAA46}.Debug|x64.ActiveCfg = Debug|x64
		{CDAB17EE-1789-475E-A57E-5EB2680EAA46}.Debug|x64.Build.0 = Debug|x64
		{CDAB17EE-1789-475E-A57E-5EB2680EAA46}.Debug|x86.ActiveCfg = Debug|x86
		{CDAB17EE-1789-475E-A57E-5EB2680EAA46}.Debug|x86.Build.0 = Debug|x86
		{CDAB17EE-1789-475E-A57E-5EB2680EAA46}.Release|Any CPU.ActiveCfg = Release|Any CPU
		{CDAB17EE-1789-475E-A57E-5EB2680EAA46}.Release|Any CPU.Build.0 = Release|Any CPU
		{CDAB17EE-1789-475E-A57E-5EB2680EAA46}.Release|x64.ActiveCfg = Release|x64
		{CDAB17EE-1789-475E-A57E-5EB2680EAA46}.Release|x64.Build.0 = Release|x64
		{CDAB17EE-1789-475E-A57E-5EB2680EAA46}.Release|x86.ActiveCfg = Release|x86
		{CDAB17EE-1789-475E-A57E-5EB2680EAA46}.Release|x86.Build.0 = Release|x86
		{65DE6FDC-4E63-43EA-AE5E-4F1415AB886A}.Debug|Any CPU.ActiveCfg = Debug|Any CPU
		{65DE6FDC-4E63-43EA-AE5E-4F1415AB886A}.Debug|Any CPU.Build.0 = Debug|Any CPU
		{65DE6FDC-4E63-43EA-AE5E-4F1415AB886A}.Debug|x64.ActiveCfg = Debug|x64
		{65DE6FDC-4E63-43EA-AE5E-4F1415AB886A}.Debug|x64.Build.0 = Debug|x64
		{65DE6FDC-4E63-43EA-AE5E-4F1415AB886A}.Debug|x86.ActiveCfg = Debug|x86
		{65DE6FDC-4E63-43EA-AE5E-4F1415AB886A}.Debug|x86.Build.0 = Debug|x86
		{65DE6FDC-4E63-43EA-AE5E-4F1415AB886A}.Release|Any CPU.ActiveCfg = Release|Any CPU
		{65DE6FDC-4E63-43EA-AE5E-4F1415AB886A}.Release|Any CPU.Build.0 = Release|Any CPU
		{65DE6FDC-4E63-43EA-AE5E-4F1415AB886A}.Release|x64.ActiveCfg = Release|x64
		{65DE6FDC-4E63-43EA-AE5E-4F1415AB886A}.Release|x64.Build.0 = Release|x64
		{65DE6FDC-4E63-43EA-AE5E-4F1415AB886A}.Release|x86.ActiveCfg = Release|x86
		{65DE6FDC-4E63-43EA-AE5E-4F1415AB886A}.Release|x86.Build.0 = Release|x86
		{0E24B3C4-5F40-4F67-8987-2CB3B024554E}.Debug|Any CPU.ActiveCfg = Debug|Any CPU
		{0E24B3C4-5F40-4F67-8987-2CB3B024554E}.Debug|Any CPU.Build.0 = Debug|Any CPU
		{0E24B3C4-5F40-4F67-8987-2CB3B024554E}.Debug|x64.ActiveCfg = Debug|x64
		{0E24B3C4-5F40-4F67-8987-2CB3B024554E}.Debug|x64.Build.0 = Debug|x64
		{0E24B3C4-5F40-4F67-8987-2CB3B024554E}.Debug|x86.ActiveCfg = Debug|x86
		{0E24B3C4-5F40-4F67-8987-2CB3B024554E}.Debug|x86.Build.0 = Debug|x86
		{0E24B3C4-5F40-4F67-8987-2CB3B024554E}.Release|Any CPU.ActiveCfg = Release|Any CPU
		{0E24B3C4-5F40-4F67-8987-2CB3B024554E}.Release|Any CPU.Build.0 = Release|Any CPU
		{0E24B3C4-5F40-4F67-8987-2CB3B024554E}.Release|x64.ActiveCfg = Release|x64
		{0E24B3C4-5F40-4F67-8987-2CB3B024554E}.Release|x64.Build.0 = Release|x64
		{0E24B3C4-5F40-4F67-8987-2CB3B024554E}.Release|x86.ActiveCfg = Release|x86
		{0E24B3C4-5F40-4F67-8987-2CB3B024554E}.Release|x86.Build.0 = Release|x86
		{2F0E6193-A5C9-4B6D-A0C2-B2D6C64159B9}.Debug|Any CPU.ActiveCfg = Debug|Any CPU
		{2F0E6193-A5C9-4B6D-A0C2-B2D6C64159B9}.Debug|Any CPU.Build.0 = Debug|Any CPU
		{2F0E6193-A5C9-4B6D-A0C2-B2D6C64159B9}.Debug|x64.ActiveCfg = Debug|x64
		{2F0E6193-A5C9-4B6D-A0C2-B2D6C64159B9}.Debug|x64.Build.0 = Debug|x64
		{2F0E6193-A5C9-4B6D-A0C2-B2D6C64159B9}.Debug|x86.ActiveCfg = Debug|x86
		{2F0E6193-A5C9-4B6D-A0C2-B2D6C64159B9}.Debug|x86.Build.0 = Debug|x86
		{2F0E6193-A5C9-4B6D-A0C2-B2D6C64159B9}.Release|Any CPU.ActiveCfg = Release|Any CPU
		{2F0E6193-A5C9-4B6D-A0C2-B2D6C64159B9}.Release|Any CPU.Build.0 = Release|Any CPU
		{2F0E6193-A5C9-4B6D-A0C2-B2D6C64159B9}.Release|x64.ActiveCfg = Release|x64
		{2F0E6193-A5C9-4B6D-A0C2-B2D6C64159B9}.Release|x64.Build.0 = Release|x64
		{2F0E6193-A5C9-4B6D-A0C2-B2D6C64159B9}.Release|x86.ActiveCfg = Release|x86
		{2F0E6193-A5C9-4B6D-A0C2-B2D6C64159B9}.Release|x86.Build.0 = Release|x86
		{C78CC576-A6BB-4CE4-BCE1-1825485A357B}.Debug|Any CPU.ActiveCfg = Debug|Any CPU
		{C78CC576-A6BB-4CE4-BCE1-1825485A357B}.Debug|Any CPU.Build.0 = Debug|Any CPU
		{C78CC576-A6BB-4CE4-BCE1-1825485A357B}.Debug|x64.ActiveCfg = Debug|x64
		{C78CC576-A6BB-4CE4-BCE1-1825485A357B}.Debug|x64.Build.0 = Debug|x64
		{C78CC576-A6BB-4CE4-BCE1-1825485A357B}.Debug|x86.ActiveCfg = Debug|x86
		{C78CC576-A6BB-4CE4-BCE1-1825485A357B}.Debug|x86.Build.0 = Debug|x86
		{C78CC576-A6BB-4CE4-BCE1-1825485A357B}.Release|Any CPU.ActiveCfg = Release|Any CPU
		{C78CC576-A6BB-4CE4-BCE1-1825485A357B}.Release|Any CPU.Build.0 = Release|Any CPU
		{C78CC576-A6BB-4CE4-BCE1-1825485A357B}.Release|x64.ActiveCfg = Release|x64
		{C78CC576-A6BB-4CE4-BCE1-1825485A357B}.Release|x64.Build.0 = Release|x64
		{C78CC576-A6BB-4CE4-BCE1-1825485A357B}.Release|x86.ActiveCfg = Release|x86
		{C78CC576-A6BB-4CE4-BCE1-1825485A357B}.Release|x86.Build.0 = Release|x86
		{D32AC972-3771-45EB-BB68-2B51979DB6F7}.Debug|Any CPU.ActiveCfg = Debug|Any CPU
		{D32AC972-3771-45EB-BB68-2B51979DB6F7}.Debug|Any CPU.Build.0 = Debug|Any CPU
		{D32AC972-3771-45EB-BB68-2B51979DB6F7}.Debug|x64.ActiveCfg = Debug|x64
		{D32AC972-3771-45EB-BB68-2B51979DB6F7}.Debug|x64.Build.0 = Debug|x64
		{D32AC972-3771-45EB-BB68-2B51979DB6F7}.Debug|x86.ActiveCfg = Debug|x86
		{D32AC972-3771-45EB-BB68-2B51979DB6F7}.Debug|x86.Build.0 = Debug|x86
		{D32AC972-3771-45EB-BB68-2B51979DB6F7}.Release|Any CPU.ActiveCfg = Release|Any CPU
		{D32AC972-3771-45EB-BB68-2B51979DB6F7}.Release|Any CPU.Build.0 = Release|Any CPU
		{D32AC972-3771-45EB-BB68-2B51979DB6F7}.Release|x64.ActiveCfg = Release|x64
		{D32AC972-3771-45EB-BB68-2B51979DB6F7}.Release|x64.Build.0 = Release|x64
		{D32AC972-3771-45EB-BB68-2B51979DB6F7}.Release|x86.ActiveCfg = Release|x86
		{D32AC972-3771-45EB-BB68-2B51979DB6F7}.Release|x86.Build.0 = Release|x86
		{1B545E83-6992-45F9-BCC2-2697398A8D84}.Debug|Any CPU.ActiveCfg = Debug|Any CPU
		{1B545E83-6992-45F9-BCC2-2697398A8D84}.Debug|Any CPU.Build.0 = Debug|Any CPU
		{1B545E83-6992-45F9-BCC2-2697398A8D84}.Debug|x64.ActiveCfg = Debug|Any CPU
		{1B545E83-6992-45F9-BCC2-2697398A8D84}.Debug|x64.Build.0 = Debug|Any CPU
		{1B545E83-6992-45F9-BCC2-2697398A8D84}.Debug|x86.ActiveCfg = Debug|Any CPU
		{1B545E83-6992-45F9-BCC2-2697398A8D84}.Debug|x86.Build.0 = Debug|Any CPU
		{1B545E83-6992-45F9-BCC2-2697398A8D84}.Release|Any CPU.ActiveCfg = Release|Any CPU
		{1B545E83-6992-45F9-BCC2-2697398A8D84}.Release|Any CPU.Build.0 = Release|Any CPU
		{1B545E83-6992-45F9-BCC2-2697398A8D84}.Release|x64.ActiveCfg = Release|Any CPU
		{1B545E83-6992-45F9-BCC2-2697398A8D84}.Release|x64.Build.0 = Release|Any CPU
		{1B545E83-6992-45F9-BCC2-2697398A8D84}.Release|x86.ActiveCfg = Release|Any CPU
		{1B545E83-6992-45F9-BCC2-2697398A8D84}.Release|x86.Build.0 = Release|Any CPU
		{C734837E-B6D7-4CEB-81B5-03820CE2BA8F}.Debug|Any CPU.ActiveCfg = Debug|Any CPU
		{C734837E-B6D7-4CEB-81B5-03820CE2BA8F}.Debug|Any CPU.Build.0 = Debug|Any CPU
		{C734837E-B6D7-4CEB-81B5-03820CE2BA8F}.Debug|x64.ActiveCfg = Debug|Any CPU
		{C734837E-B6D7-4CEB-81B5-03820CE2BA8F}.Debug|x64.Build.0 = Debug|Any CPU
		{C734837E-B6D7-4CEB-81B5-03820CE2BA8F}.Debug|x86.ActiveCfg = Debug|Any CPU
		{C734837E-B6D7-4CEB-81B5-03820CE2BA8F}.Debug|x86.Build.0 = Debug|Any CPU
		{C734837E-B6D7-4CEB-81B5-03820CE2BA8F}.Release|Any CPU.ActiveCfg = Release|Any CPU
		{C734837E-B6D7-4CEB-81B5-03820CE2BA8F}.Release|Any CPU.Build.0 = Release|Any CPU
		{C734837E-B6D7-4CEB-81B5-03820CE2BA8F}.Release|x64.ActiveCfg = Release|Any CPU
		{C734837E-B6D7-4CEB-81B5-03820CE2BA8F}.Release|x64.Build.0 = Release|Any CPU
		{C734837E-B6D7-4CEB-81B5-03820CE2BA8F}.Release|x86.ActiveCfg = Release|Any CPU
		{C734837E-B6D7-4CEB-81B5-03820CE2BA8F}.Release|x86.Build.0 = Release|Any CPU
	EndGlobalSection
	GlobalSection(SolutionProperties) = preSolution
		HideSolutionNode = FALSE
	EndGlobalSection
	GlobalSection(ExtensibilityGlobals) = postSolution
		SolutionGuid = {8A9B0852-45D9-405D-8E35-CD63AFBC9DB9}
	EndGlobalSection
EndGlobal
