
Microsoft Visual Studio Solution File, Format Version 12.00
# Visual Studio Version 16
VisualStudioVersion = 16.0.29025.244
MinimumVisualStudioVersion = 10.0.40219.1
Project("{FAE04EC0-301F-11D3-BF4B-00C04F79EFBC}") = "Rediscovery.Android", "Rediscovery\Rediscovery.Android\Rediscovery.Android.csproj", "{F9C86884-BB0E-424A-AD62-85B29F533BA1}"
EndProject
Project("{9A19103F-16F7-4668-BE54-9A1E7A4F7556}") = "Rediscovery", "Rediscovery\Rediscovery\Rediscovery.csproj", "{DE1F1607-91A9-4F5A-BF2C-384F4E8BFFA8}"
EndProject
Project("{9A19103F-16F7-4668-BE54-9A1E7A4F7556}") = "Rediscovery.Client.App.Service", "DesktopService\Rediscovery.Client.App.Service.csproj", "{CDAB17EE-1789-475E-A57E-5EB2680EAA46}"
EndProject
Project("{9A19103F-16F7-4668-BE54-9A1E7A4F7556}") = "IPCPipe", "IPCPipe\IPCPipe.csproj", "{2F0E6193-A5C9-4B6D-A0C2-B2D6C64159B9}"
EndProject
Project("{9A19103F-16F7-4668-BE54-9A1E7A4F7556}") = "Rediscovery.Feature.Desktop.Console", "DesktopFeatureConsole\Rediscovery.Feature.Desktop.Console.csproj", "{C78CC576-A6BB-4CE4-BCE1-1825485A357B}"
EndProject
Project("{9A19103F-16F7-4668-BE54-9A1E7A4F7556}") = "Rediscovery.Feature.Desktop.TestApp", "DesktopFeatureTestApp\Rediscovery.Feature.Desktop.TestApp.csproj", "{D32AC972-3771-45EB-BB68-2B51979DB6F7}"
EndProject
Project("{9A19103F-16F7-4668-BE54-9A1E7A4F7556}") = "Rediscovery.Feature.Shared.Functions", "SharedFeatureFunctions\Rediscovery.Feature.Shared.Functions.csproj", "{1B545E83-6992-45F9-BCC2-2697398A8D84}"
EndProject
Project("{9A19103F-16F7-4668-BE54-9A1E7A4F7556}") = "Rediscovery.Feature.Desktop.MediaPlayer", "DesktopFeatureMediaPlayer\Rediscovery.Feature.Desktop.MediaPlayer.csproj", "{C734837E-B6D7-4CEB-81B5-03820CE2BA8F}"
EndProject
Project("{9A19103F-16F7-4668-BE54-9A1E7A4F7556}") = "Rediscovery.Client.Service.Discovery", "DesktopDiscoveryService\Rediscovery.Client.Service.Discovery.csproj", "{D98763EF-8EFE-480D-B501-C49EAF34CA5C}"
EndProject
Project("{9A19103F-16F7-4668-BE54-9A1E7A4F7556}") = "Rediscovery.Client.App.Firewall.Console", "DesktopFirewall\Rediscovery.Client.App.Firewall.Console.csproj", "{45CF8CDC-3832-4F01-97B3-E64379BFD3EA}"
EndProject
Project("{9A19103F-16F7-4668-BE54-9A1E7A4F7556}") = "Rediscovery.Shared.Configurations", "SharedConfigurations\Rediscovery.Shared.Configurations.csproj", "{EF80B5C2-4413-48FA-B638-B2122E97F34B}"
EndProject
Project("{9A19103F-16F7-4668-BE54-9A1E7A4F7556}") = "Rediscovery.Shared.Arguments", "SharedCommandArguments\Rediscovery.Shared.Arguments.csproj", "{A1A10784-1C3A-423B-96F3-E494D1047491}"
EndProject
Project("{9A19103F-16F7-4668-BE54-9A1E7A4F7556}") = "Rediscovery.Feature.Plugin", "PluginFeature\Rediscovery.Feature.Plugin.csproj", "{D2FD1E6D-19D0-43DE-A3A5-376C7A83429A}"
EndProject
Project("{9A19103F-16F7-4668-BE54-9A1E7A4F7556}") = "Rediscovery.Client.App.ControlPanel", "AppControlPanel\Rediscovery.Client.App.ControlPanel.csproj", "{7F62F8C0-D13D-4A2B-8CB7-13C719C0CABF}"
EndProject
Project("{9A19103F-16F7-4668-BE54-9A1E7A4F7556}") = "CommunicationResourceConsumer", "Communication\CommunicationResourceConsumer.csproj", "{34CEE8B3-475B-4704-9B8C-06F237B51193}"
EndProject
Project("{9A19103F-16F7-4668-BE54-9A1E7A4F7556}") = "CommunicationResourceProvider", "CommunicationResourceProvider\CommunicationResourceProvider.csproj", "{350C9B9D-3ABE-4D54-BFC2-7EE22538B5C8}"
EndProject
Project("{9A19103F-16F7-4668-BE54-9A1E7A4F7556}") = "Rediscovery.Service.DAL", "DALDesktopService\Rediscovery.Service.DAL.csproj", "{4B70C4A8-6C52-423D-B368-0BD76B432AF8}"
EndProject
Project("{9A19103F-16F7-4668-BE54-9A1E7A4F7556}") = "Rediscovery.Communication.Base", "CommunicationBase\Rediscovery.Communication.Base.csproj", "{54D3ED5B-3BCB-4872-850F-5F5B3B422FE3}"
EndProject
Project("{9A19103F-16F7-4668-BE54-9A1E7A4F7556}") = "Rediscovery.Shared.Base", "SharedModels\Rediscovery.Shared.Base.csproj", "{FC34856C-FE50-49CE-812E-053F9F5193FF}"
EndProject
Project("{9A19103F-16F7-4668-BE54-9A1E7A4F7556}") = "Rediscovery.Service.Certificate", "CertificateService\Rediscovery.Service.Certificate.csproj", "{5EB7142F-4969-4B1C-A8AD-F4C526701412}"
EndProject
Project("{9A19103F-16F7-4668-BE54-9A1E7A4F7556}") = "CommunicationFeatureProvider", "CommunicationFeatureProvider\CommunicationFeatureProvider.csproj", "{31BA226D-53DD-4F43-A001-F79D8766C412}"
EndProject
Project("{9A19103F-16F7-4668-BE54-9A1E7A4F7556}") = "CommunicationAuthenticationProvider", "CommunicationAuthenticationProvider\CommunicationAuthenticationProvider.csproj", "{3DB0247C-1166-4141-9AB3-4BABE212B335}"
EndProject
Project("{9A19103F-16F7-4668-BE54-9A1E7A4F7556}") = "CommunicationFeatureConsumer", "CommunicationFeatureConsumer\CommunicationFeatureConsumer.csproj", "{1FB3B6F6-F47F-49CE-ADF2-113764CD8157}"
EndProject
Project("{9A19103F-16F7-4668-BE54-9A1E7A4F7556}") = "CommunicationAuthenticationConsumer", "CommunicationAuthenticationConsumer\CommunicationAuthenticationConsumer.csproj", "{AA6DF67B-764A-4A57-A41F-2884CB4F30E5}"
EndProject
Project("{9A19103F-16F7-4668-BE54-9A1E7A4F7556}") = "CommunicationHeartbeatProvider", "CommunicationHearthbeatProvider\CommunicationHeartbeatProvider.csproj", "{ECEEE68C-A5CE-4875-AFA2-E6A20541EED0}"
EndProject
Project("{9A19103F-16F7-4668-BE54-9A1E7A4F7556}") = "CommunicationHeartbeatConsumer", "CommunicationHearthbeatConsumer\CommunicationHeartbeatConsumer.csproj", "{41C1F4F4-FAC3-4990-8C9B-C854F8871BE2}"
EndProject
Project("{9A19103F-16F7-4668-BE54-9A1E7A4F7556}") = "Rediscovery.Client.App.Manager.Console", "RediscoveryManager\Rediscovery.Client.App.Manager.Console.csproj", "{46BBBA2E-EFB1-4539-A992-5398AE6D5D95}"
EndProject
Project("{9A19103F-16F7-4668-BE54-9A1E7A4F7556}") = "Rediscovery.Client.App.Manager", "RediscoveryManager.Service\Rediscovery.Client.App.Manager.csproj", "{D07422C4-6403-429D-8381-5B3CA8472F6B}"
EndProject
Project("{9A19103F-16F7-4668-BE54-9A1E7A4F7556}") = "Rediscovery.Feature.Client.FileExchange", "ClientFeatureFileExchange\Rediscovery.Feature.Client.FileExchange.csproj", "{206CE889-7F47-4D9D-833B-1F0651340F39}"
EndProject
Project("{9A19103F-16F7-4668-BE54-9A1E7A4F7556}") = "Rediscovery.Client.App.Manager.GUI", "RediscoveryManager.GUI\Rediscovery.Client.App.Manager.GUI.csproj", "{FD064DEB-6858-44A3-BE20-EB42F4633410}"
EndProject
Project("{9A19103F-16F7-4668-BE54-9A1E7A4F7556}") = "CommunicationLoggerProvider", "CommunicationLoggerProvider\CommunicationLoggerProvider.csproj", "{537F9A3F-A269-42BC-8808-6F53135C5614}"
EndProject
Project("{9A19103F-16F7-4668-BE54-9A1E7A4F7556}") = "CommunicationLoggerConsumer", "CommunicationLoggerConsumer\CommunicationLoggerConsumer.csproj", "{BFE0D360-5DFA-4752-80AF-7CB13BF98E71}"
EndProject
Project("{9A19103F-16F7-4668-BE54-9A1E7A4F7556}") = "Rediscovery.Feature.Client.FileExchange.UI", "ClientFeatureFileExchangeUI\Rediscovery.Feature.Client.FileExchange.UI.csproj", "{084FA40C-F1ED-4DB8-856C-29A763F19D17}"
EndProject
Project("{FAE04EC0-301F-11D3-BF4B-00C04F79EFBC}") = "AppMobileAndroid", "AppMobileAndroid\AppMobileAndroid.csproj", "{9FA3DDB2-605B-481C-B4C1-352DAD1A800B}"
EndProject
Project("{9A19103F-16F7-4668-BE54-9A1E7A4F7556}") = "Rediscovery.Client.App.Shared", "App.Client.Shared\Rediscovery.Client.App.Shared.csproj", "{9E17C536-E7AB-4FFD-87C3-A2D40C93DFDF}"
EndProject
Global
	GlobalSection(SolutionConfigurationPlatforms) = preSolution
		Debug|Any CPU = Debug|Any CPU
		Debug|x64 = Debug|x64
		Debug|x86 = Debug|x86
		Release|Any CPU = Release|Any CPU
		Release|x64 = Release|x64
		Release|x86 = Release|x86
	EndGlobalSection
	GlobalSection(ProjectConfigurationPlatforms) = postSolution
		{F9C86884-BB0E-424A-AD62-85B29F533BA1}.Debug|Any CPU.ActiveCfg = Debug|Any CPU
		{F9C86884-BB0E-424A-AD62-85B29F533BA1}.Debug|Any CPU.Build.0 = Debug|Any CPU
		{F9C86884-BB0E-424A-AD62-85B29F533BA1}.Debug|Any CPU.Deploy.0 = Debug|Any CPU
		{F9C86884-BB0E-424A-AD62-85B29F533BA1}.Debug|x64.ActiveCfg = Debug|x64
		{F9C86884-BB0E-424A-AD62-85B29F533BA1}.Debug|x64.Build.0 = Debug|x64
		{F9C86884-BB0E-424A-AD62-85B29F533BA1}.Debug|x64.Deploy.0 = Debug|x64
		{F9C86884-BB0E-424A-AD62-85B29F533BA1}.Debug|x86.ActiveCfg = Debug|x86
		{F9C86884-BB0E-424A-AD62-85B29F533BA1}.Debug|x86.Build.0 = Debug|x86
		{F9C86884-BB0E-424A-AD62-85B29F533BA1}.Debug|x86.Deploy.0 = Debug|x86
		{F9C86884-BB0E-424A-AD62-85B29F533BA1}.Release|Any CPU.ActiveCfg = Release|Any CPU
		{F9C86884-BB0E-424A-AD62-85B29F533BA1}.Release|Any CPU.Build.0 = Release|Any CPU
		{F9C86884-BB0E-424A-AD62-85B29F533BA1}.Release|Any CPU.Deploy.0 = Release|Any CPU
		{F9C86884-BB0E-424A-AD62-85B29F533BA1}.Release|x64.ActiveCfg = Release|x64
		{F9C86884-BB0E-424A-AD62-85B29F533BA1}.Release|x64.Build.0 = Release|x64
		{F9C86884-BB0E-424A-AD62-85B29F533BA1}.Release|x64.Deploy.0 = Release|x64
		{F9C86884-BB0E-424A-AD62-85B29F533BA1}.Release|x86.ActiveCfg = Release|x86
		{F9C86884-BB0E-424A-AD62-85B29F533BA1}.Release|x86.Build.0 = Release|x86
		{F9C86884-BB0E-424A-AD62-85B29F533BA1}.Release|x86.Deploy.0 = Release|x86
		{DE1F1607-91A9-4F5A-BF2C-384F4E8BFFA8}.Debug|Any CPU.ActiveCfg = Debug|Any CPU
		{DE1F1607-91A9-4F5A-BF2C-384F4E8BFFA8}.Debug|Any CPU.Build.0 = Debug|Any CPU
		{DE1F1607-91A9-4F5A-BF2C-384F4E8BFFA8}.Debug|x64.ActiveCfg = Debug|x64
		{DE1F1607-91A9-4F5A-BF2C-384F4E8BFFA8}.Debug|x64.Build.0 = Debug|x64
		{DE1F1607-91A9-4F5A-BF2C-384F4E8BFFA8}.Debug|x86.ActiveCfg = Debug|x86
		{DE1F1607-91A9-4F5A-BF2C-384F4E8BFFA8}.Debug|x86.Build.0 = Debug|x86
		{DE1F1607-91A9-4F5A-BF2C-384F4E8BFFA8}.Release|Any CPU.ActiveCfg = Release|Any CPU
		{DE1F1607-91A9-4F5A-BF2C-384F4E8BFFA8}.Release|Any CPU.Build.0 = Release|Any CPU
		{DE1F1607-91A9-4F5A-BF2C-384F4E8BFFA8}.Release|x64.ActiveCfg = Release|x64
		{DE1F1607-91A9-4F5A-BF2C-384F4E8BFFA8}.Release|x64.Build.0 = Release|x64
		{DE1F1607-91A9-4F5A-BF2C-384F4E8BFFA8}.Release|x86.ActiveCfg = Release|x86
		{DE1F1607-91A9-4F5A-BF2C-384F4E8BFFA8}.Release|x86.Build.0 = Release|x86
		{CDAB17EE-1789-475E-A57E-5EB2680EAA46}.Debug|Any CPU.ActiveCfg = Debug|Any CPU
		{CDAB17EE-1789-475E-A57E-5EB2680EAA46}.Debug|Any CPU.Build.0 = Debug|Any CPU
		{CDAB17EE-1789-475E-A57E-5EB2680EAA46}.Debug|x64.ActiveCfg = Debug|x64
		{CDAB17EE-1789-475E-A57E-5EB2680EAA46}.Debug|x64.Build.0 = Debug|x64
		{CDAB17EE-1789-475E-A57E-5EB2680EAA46}.Debug|x86.ActiveCfg = Debug|x86
		{CDAB17EE-1789-475E-A57E-5EB2680EAA46}.Debug|x86.Build.0 = Debug|x86
		{CDAB17EE-1789-475E-A57E-5EB2680EAA46}.Release|Any CPU.ActiveCfg = Release|Any CPU
		{CDAB17EE-1789-475E-A57E-5EB2680EAA46}.Release|Any CPU.Build.0 = Release|Any CPU
		{CDAB17EE-1789-475E-A57E-5EB2680EAA46}.Release|x64.ActiveCfg = Release|x64
		{CDAB17EE-1789-475E-A57E-5EB2680EAA46}.Release|x64.Build.0 = Release|x64
		{CDAB17EE-1789-475E-A57E-5EB2680EAA46}.Release|x86.ActiveCfg = Release|x86
		{CDAB17EE-1789-475E-A57E-5EB2680EAA46}.Release|x86.Build.0 = Release|x86
		{2F0E6193-A5C9-4B6D-A0C2-B2D6C64159B9}.Debug|Any CPU.ActiveCfg = Debug|Any CPU
		{2F0E6193-A5C9-4B6D-A0C2-B2D6C64159B9}.Debug|Any CPU.Build.0 = Debug|Any CPU
		{2F0E6193-A5C9-4B6D-A0C2-B2D6C64159B9}.Debug|x64.ActiveCfg = Debug|x64
		{2F0E6193-A5C9-4B6D-A0C2-B2D6C64159B9}.Debug|x64.Build.0 = Debug|x64
		{2F0E6193-A5C9-4B6D-A0C2-B2D6C64159B9}.Debug|x86.ActiveCfg = Debug|x86
		{2F0E6193-A5C9-4B6D-A0C2-B2D6C64159B9}.Debug|x86.Build.0 = Debug|x86
		{2F0E6193-A5C9-4B6D-A0C2-B2D6C64159B9}.Release|Any CPU.ActiveCfg = Release|Any CPU
		{2F0E6193-A5C9-4B6D-A0C2-B2D6C64159B9}.Release|Any CPU.Build.0 = Release|Any CPU
		{2F0E6193-A5C9-4B6D-A0C2-B2D6C64159B9}.Release|x64.ActiveCfg = Release|x64
		{2F0E6193-A5C9-4B6D-A0C2-B2D6C64159B9}.Release|x64.Build.0 = Release|x64
		{2F0E6193-A5C9-4B6D-A0C2-B2D6C64159B9}.Release|x86.ActiveCfg = Release|x86
		{2F0E6193-A5C9-4B6D-A0C2-B2D6C64159B9}.Release|x86.Build.0 = Release|x86
		{C78CC576-A6BB-4CE4-BCE1-1825485A357B}.Debug|Any CPU.ActiveCfg = Debug|Any CPU
		{C78CC576-A6BB-4CE4-BCE1-1825485A357B}.Debug|Any CPU.Build.0 = Debug|Any CPU
		{C78CC576-A6BB-4CE4-BCE1-1825485A357B}.Debug|x64.ActiveCfg = Debug|x64
		{C78CC576-A6BB-4CE4-BCE1-1825485A357B}.Debug|x64.Build.0 = Debug|x64
		{C78CC576-A6BB-4CE4-BCE1-1825485A357B}.Debug|x86.ActiveCfg = Debug|x86
		{C78CC576-A6BB-4CE4-BCE1-1825485A357B}.Debug|x86.Build.0 = Debug|x86
		{C78CC576-A6BB-4CE4-BCE1-1825485A357B}.Release|Any CPU.ActiveCfg = Release|Any CPU
		{C78CC576-A6BB-4CE4-BCE1-1825485A357B}.Release|Any CPU.Build.0 = Release|Any CPU
		{C78CC576-A6BB-4CE4-BCE1-1825485A357B}.Release|x64.ActiveCfg = Release|x64
		{C78CC576-A6BB-4CE4-BCE1-1825485A357B}.Release|x64.Build.0 = Release|x64
		{C78CC576-A6BB-4CE4-BCE1-1825485A357B}.Release|x86.ActiveCfg = Release|x86
		{C78CC576-A6BB-4CE4-BCE1-1825485A357B}.Release|x86.Build.0 = Release|x86
		{D32AC972-3771-45EB-BB68-2B51979DB6F7}.Debug|Any CPU.ActiveCfg = Debug|Any CPU
		{D32AC972-3771-45EB-BB68-2B51979DB6F7}.Debug|Any CPU.Build.0 = Debug|Any CPU
		{D32AC972-3771-45EB-BB68-2B51979DB6F7}.Debug|x64.ActiveCfg = Debug|x64
		{D32AC972-3771-45EB-BB68-2B51979DB6F7}.Debug|x64.Build.0 = Debug|x64
		{D32AC972-3771-45EB-BB68-2B51979DB6F7}.Debug|x86.ActiveCfg = Debug|x86
		{D32AC972-3771-45EB-BB68-2B51979DB6F7}.Debug|x86.Build.0 = Debug|x86
		{D32AC972-3771-45EB-BB68-2B51979DB6F7}.Release|Any CPU.ActiveCfg = Release|Any CPU
		{D32AC972-3771-45EB-BB68-2B51979DB6F7}.Release|Any CPU.Build.0 = Release|Any CPU
		{D32AC972-3771-45EB-BB68-2B51979DB6F7}.Release|x64.ActiveCfg = Release|x64
		{D32AC972-3771-45EB-BB68-2B51979DB6F7}.Release|x64.Build.0 = Release|x64
		{D32AC972-3771-45EB-BB68-2B51979DB6F7}.Release|x86.ActiveCfg = Release|x86
		{D32AC972-3771-45EB-BB68-2B51979DB6F7}.Release|x86.Build.0 = Release|x86
		{1B545E83-6992-45F9-BCC2-2697398A8D84}.Debug|Any CPU.ActiveCfg = Debug|Any CPU
		{1B545E83-6992-45F9-BCC2-2697398A8D84}.Debug|Any CPU.Build.0 = Debug|Any CPU
		{1B545E83-6992-45F9-BCC2-2697398A8D84}.Debug|x64.ActiveCfg = Debug|Any CPU
		{1B545E83-6992-45F9-BCC2-2697398A8D84}.Debug|x64.Build.0 = Debug|Any CPU
		{1B545E83-6992-45F9-BCC2-2697398A8D84}.Debug|x86.ActiveCfg = Debug|Any CPU
		{1B545E83-6992-45F9-BCC2-2697398A8D84}.Debug|x86.Build.0 = Debug|Any CPU
		{1B545E83-6992-45F9-BCC2-2697398A8D84}.Release|Any CPU.ActiveCfg = Release|Any CPU
		{1B545E83-6992-45F9-BCC2-2697398A8D84}.Release|Any CPU.Build.0 = Release|Any CPU
		{1B545E83-6992-45F9-BCC2-2697398A8D84}.Release|x64.ActiveCfg = Release|Any CPU
		{1B545E83-6992-45F9-BCC2-2697398A8D84}.Release|x64.Build.0 = Release|Any CPU
		{1B545E83-6992-45F9-BCC2-2697398A8D84}.Release|x86.ActiveCfg = Release|Any CPU
		{1B545E83-6992-45F9-BCC2-2697398A8D84}.Release|x86.Build.0 = Release|Any CPU
		{C734837E-B6D7-4CEB-81B5-03820CE2BA8F}.Debug|Any CPU.ActiveCfg = Debug|Any CPU
		{C734837E-B6D7-4CEB-81B5-03820CE2BA8F}.Debug|Any CPU.Build.0 = Debug|Any CPU
		{C734837E-B6D7-4CEB-81B5-03820CE2BA8F}.Debug|x64.ActiveCfg = Debug|Any CPU
		{C734837E-B6D7-4CEB-81B5-03820CE2BA8F}.Debug|x64.Build.0 = Debug|Any CPU
		{C734837E-B6D7-4CEB-81B5-03820CE2BA8F}.Debug|x86.ActiveCfg = Debug|Any CPU
		{C734837E-B6D7-4CEB-81B5-03820CE2BA8F}.Debug|x86.Build.0 = Debug|Any CPU
		{C734837E-B6D7-4CEB-81B5-03820CE2BA8F}.Release|Any CPU.ActiveCfg = Release|Any CPU
		{C734837E-B6D7-4CEB-81B5-03820CE2BA8F}.Release|Any CPU.Build.0 = Release|Any CPU
		{C734837E-B6D7-4CEB-81B5-03820CE2BA8F}.Release|x64.ActiveCfg = Release|Any CPU
		{C734837E-B6D7-4CEB-81B5-03820CE2BA8F}.Release|x64.Build.0 = Release|Any CPU
		{C734837E-B6D7-4CEB-81B5-03820CE2BA8F}.Release|x86.ActiveCfg = Release|Any CPU
		{C734837E-B6D7-4CEB-81B5-03820CE2BA8F}.Release|x86.Build.0 = Release|Any CPU
		{D98763EF-8EFE-480D-B501-C49EAF34CA5C}.Debug|Any CPU.ActiveCfg = Debug|Any CPU
		{D98763EF-8EFE-480D-B501-C49EAF34CA5C}.Debug|Any CPU.Build.0 = Debug|Any CPU
		{D98763EF-8EFE-480D-B501-C49EAF34CA5C}.Debug|x64.ActiveCfg = Debug|Any CPU
		{D98763EF-8EFE-480D-B501-C49EAF34CA5C}.Debug|x64.Build.0 = Debug|Any CPU
		{D98763EF-8EFE-480D-B501-C49EAF34CA5C}.Debug|x86.ActiveCfg = Debug|Any CPU
		{D98763EF-8EFE-480D-B501-C49EAF34CA5C}.Debug|x86.Build.0 = Debug|Any CPU
		{D98763EF-8EFE-480D-B501-C49EAF34CA5C}.Release|Any CPU.ActiveCfg = Release|Any CPU
		{D98763EF-8EFE-480D-B501-C49EAF34CA5C}.Release|Any CPU.Build.0 = Release|Any CPU
		{D98763EF-8EFE-480D-B501-C49EAF34CA5C}.Release|x64.ActiveCfg = Release|Any CPU
		{D98763EF-8EFE-480D-B501-C49EAF34CA5C}.Release|x64.Build.0 = Release|Any CPU
		{D98763EF-8EFE-480D-B501-C49EAF34CA5C}.Release|x86.ActiveCfg = Release|Any CPU
		{D98763EF-8EFE-480D-B501-C49EAF34CA5C}.Release|x86.Build.0 = Release|Any CPU
		{45CF8CDC-3832-4F01-97B3-E64379BFD3EA}.Debug|Any CPU.ActiveCfg = Debug|Any CPU
		{45CF8CDC-3832-4F01-97B3-E64379BFD3EA}.Debug|Any CPU.Build.0 = Debug|Any CPU
		{45CF8CDC-3832-4F01-97B3-E64379BFD3EA}.Debug|x64.ActiveCfg = Debug|Any CPU
		{45CF8CDC-3832-4F01-97B3-E64379BFD3EA}.Debug|x64.Build.0 = Debug|Any CPU
		{45CF8CDC-3832-4F01-97B3-E64379BFD3EA}.Debug|x86.ActiveCfg = Debug|Any CPU
		{45CF8CDC-3832-4F01-97B3-E64379BFD3EA}.Debug|x86.Build.0 = Debug|Any CPU
		{45CF8CDC-3832-4F01-97B3-E64379BFD3EA}.Release|Any CPU.ActiveCfg = Release|Any CPU
		{45CF8CDC-3832-4F01-97B3-E64379BFD3EA}.Release|Any CPU.Build.0 = Release|Any CPU
		{45CF8CDC-3832-4F01-97B3-E64379BFD3EA}.Release|x64.ActiveCfg = Release|Any CPU
		{45CF8CDC-3832-4F01-97B3-E64379BFD3EA}.Release|x64.Build.0 = Release|Any CPU
		{45CF8CDC-3832-4F01-97B3-E64379BFD3EA}.Release|x86.ActiveCfg = Release|Any CPU
		{45CF8CDC-3832-4F01-97B3-E64379BFD3EA}.Release|x86.Build.0 = Release|Any CPU
		{EF80B5C2-4413-48FA-B638-B2122E97F34B}.Debug|Any CPU.ActiveCfg = Debug|Any CPU
		{EF80B5C2-4413-48FA-B638-B2122E97F34B}.Debug|Any CPU.Build.0 = Debug|Any CPU
		{EF80B5C2-4413-48FA-B638-B2122E97F34B}.Debug|x64.ActiveCfg = Debug|Any CPU
		{EF80B5C2-4413-48FA-B638-B2122E97F34B}.Debug|x64.Build.0 = Debug|Any CPU
		{EF80B5C2-4413-48FA-B638-B2122E97F34B}.Debug|x86.ActiveCfg = Debug|Any CPU
		{EF80B5C2-4413-48FA-B638-B2122E97F34B}.Debug|x86.Build.0 = Debug|Any CPU
		{EF80B5C2-4413-48FA-B638-B2122E97F34B}.Release|Any CPU.ActiveCfg = Release|Any CPU
		{EF80B5C2-4413-48FA-B638-B2122E97F34B}.Release|Any CPU.Build.0 = Release|Any CPU
		{EF80B5C2-4413-48FA-B638-B2122E97F34B}.Release|x64.ActiveCfg = Release|Any CPU
		{EF80B5C2-4413-48FA-B638-B2122E97F34B}.Release|x64.Build.0 = Release|Any CPU
		{EF80B5C2-4413-48FA-B638-B2122E97F34B}.Release|x86.ActiveCfg = Release|Any CPU
		{EF80B5C2-4413-48FA-B638-B2122E97F34B}.Release|x86.Build.0 = Release|Any CPU
		{A1A10784-1C3A-423B-96F3-E494D1047491}.Debug|Any CPU.ActiveCfg = Debug|Any CPU
		{A1A10784-1C3A-423B-96F3-E494D1047491}.Debug|Any CPU.Build.0 = Debug|Any CPU
		{A1A10784-1C3A-423B-96F3-E494D1047491}.Debug|x64.ActiveCfg = Debug|Any CPU
		{A1A10784-1C3A-423B-96F3-E494D1047491}.Debug|x64.Build.0 = Debug|Any CPU
		{A1A10784-1C3A-423B-96F3-E494D1047491}.Debug|x86.ActiveCfg = Debug|Any CPU
		{A1A10784-1C3A-423B-96F3-E494D1047491}.Debug|x86.Build.0 = Debug|Any CPU
		{A1A10784-1C3A-423B-96F3-E494D1047491}.Release|Any CPU.ActiveCfg = Release|Any CPU
		{A1A10784-1C3A-423B-96F3-E494D1047491}.Release|Any CPU.Build.0 = Release|Any CPU
		{A1A10784-1C3A-423B-96F3-E494D1047491}.Release|x64.ActiveCfg = Release|Any CPU
		{A1A10784-1C3A-423B-96F3-E494D1047491}.Release|x64.Build.0 = Release|Any CPU
		{A1A10784-1C3A-423B-96F3-E494D1047491}.Release|x86.ActiveCfg = Release|Any CPU
		{A1A10784-1C3A-423B-96F3-E494D1047491}.Release|x86.Build.0 = Release|Any CPU
		{D2FD1E6D-19D0-43DE-A3A5-376C7A83429A}.Debug|Any CPU.ActiveCfg = Debug|Any CPU
		{D2FD1E6D-19D0-43DE-A3A5-376C7A83429A}.Debug|Any CPU.Build.0 = Debug|Any CPU
		{D2FD1E6D-19D0-43DE-A3A5-376C7A83429A}.Debug|x64.ActiveCfg = Debug|Any CPU
		{D2FD1E6D-19D0-43DE-A3A5-376C7A83429A}.Debug|x64.Build.0 = Debug|Any CPU
		{D2FD1E6D-19D0-43DE-A3A5-376C7A83429A}.Debug|x86.ActiveCfg = Debug|Any CPU
		{D2FD1E6D-19D0-43DE-A3A5-376C7A83429A}.Debug|x86.Build.0 = Debug|Any CPU
		{D2FD1E6D-19D0-43DE-A3A5-376C7A83429A}.Release|Any CPU.ActiveCfg = Release|Any CPU
		{D2FD1E6D-19D0-43DE-A3A5-376C7A83429A}.Release|Any CPU.Build.0 = Release|Any CPU
		{D2FD1E6D-19D0-43DE-A3A5-376C7A83429A}.Release|x64.ActiveCfg = Release|Any CPU
		{D2FD1E6D-19D0-43DE-A3A5-376C7A83429A}.Release|x64.Build.0 = Release|Any CPU
		{D2FD1E6D-19D0-43DE-A3A5-376C7A83429A}.Release|x86.ActiveCfg = Release|Any CPU
		{D2FD1E6D-19D0-43DE-A3A5-376C7A83429A}.Release|x86.Build.0 = Release|Any CPU
		{7F62F8C0-D13D-4A2B-8CB7-13C719C0CABF}.Debug|Any CPU.ActiveCfg = Debug|Any CPU
		{7F62F8C0-D13D-4A2B-8CB7-13C719C0CABF}.Debug|Any CPU.Build.0 = Debug|Any CPU
		{7F62F8C0-D13D-4A2B-8CB7-13C719C0CABF}.Debug|x64.ActiveCfg = Debug|Any CPU
		{7F62F8C0-D13D-4A2B-8CB7-13C719C0CABF}.Debug|x64.Build.0 = Debug|Any CPU
		{7F62F8C0-D13D-4A2B-8CB7-13C719C0CABF}.Debug|x86.ActiveCfg = Debug|Any CPU
		{7F62F8C0-D13D-4A2B-8CB7-13C719C0CABF}.Debug|x86.Build.0 = Debug|Any CPU
		{7F62F8C0-D13D-4A2B-8CB7-13C719C0CABF}.Release|Any CPU.ActiveCfg = Release|Any CPU
		{7F62F8C0-D13D-4A2B-8CB7-13C719C0CABF}.Release|Any CPU.Build.0 = Release|Any CPU
		{7F62F8C0-D13D-4A2B-8CB7-13C719C0CABF}.Release|x64.ActiveCfg = Release|Any CPU
		{7F62F8C0-D13D-4A2B-8CB7-13C719C0CABF}.Release|x64.Build.0 = Release|Any CPU
		{7F62F8C0-D13D-4A2B-8CB7-13C719C0CABF}.Release|x86.ActiveCfg = Release|Any CPU
		{7F62F8C0-D13D-4A2B-8CB7-13C719C0CABF}.Release|x86.Build.0 = Release|Any CPU
		{34CEE8B3-475B-4704-9B8C-06F237B51193}.Debug|Any CPU.ActiveCfg = Debug|Any CPU
		{34CEE8B3-475B-4704-9B8C-06F237B51193}.Debug|Any CPU.Build.0 = Debug|Any CPU
		{34CEE8B3-475B-4704-9B8C-06F237B51193}.Debug|x64.ActiveCfg = Debug|Any CPU
		{34CEE8B3-475B-4704-9B8C-06F237B51193}.Debug|x64.Build.0 = Debug|Any CPU
		{34CEE8B3-475B-4704-9B8C-06F237B51193}.Debug|x86.ActiveCfg = Debug|Any CPU
		{34CEE8B3-475B-4704-9B8C-06F237B51193}.Debug|x86.Build.0 = Debug|Any CPU
		{34CEE8B3-475B-4704-9B8C-06F237B51193}.Release|Any CPU.ActiveCfg = Release|Any CPU
		{34CEE8B3-475B-4704-9B8C-06F237B51193}.Release|Any CPU.Build.0 = Release|Any CPU
		{34CEE8B3-475B-4704-9B8C-06F237B51193}.Release|x64.ActiveCfg = Release|Any CPU
		{34CEE8B3-475B-4704-9B8C-06F237B51193}.Release|x64.Build.0 = Release|Any CPU
		{34CEE8B3-475B-4704-9B8C-06F237B51193}.Release|x86.ActiveCfg = Release|Any CPU
		{34CEE8B3-475B-4704-9B8C-06F237B51193}.Release|x86.Build.0 = Release|Any CPU
		{350C9B9D-3ABE-4D54-BFC2-7EE22538B5C8}.Debug|Any CPU.ActiveCfg = Debug|Any CPU
		{350C9B9D-3ABE-4D54-BFC2-7EE22538B5C8}.Debug|Any CPU.Build.0 = Debug|Any CPU
		{350C9B9D-3ABE-4D54-BFC2-7EE22538B5C8}.Debug|x64.ActiveCfg = Debug|Any CPU
		{350C9B9D-3ABE-4D54-BFC2-7EE22538B5C8}.Debug|x64.Build.0 = Debug|Any CPU
		{350C9B9D-3ABE-4D54-BFC2-7EE22538B5C8}.Debug|x86.ActiveCfg = Debug|Any CPU
		{350C9B9D-3ABE-4D54-BFC2-7EE22538B5C8}.Debug|x86.Build.0 = Debug|Any CPU
		{350C9B9D-3ABE-4D54-BFC2-7EE22538B5C8}.Release|Any CPU.ActiveCfg = Release|Any CPU
		{350C9B9D-3ABE-4D54-BFC2-7EE22538B5C8}.Release|Any CPU.Build.0 = Release|Any CPU
		{350C9B9D-3ABE-4D54-BFC2-7EE22538B5C8}.Release|x64.ActiveCfg = Release|Any CPU
		{350C9B9D-3ABE-4D54-BFC2-7EE22538B5C8}.Release|x64.Build.0 = Release|Any CPU
		{350C9B9D-3ABE-4D54-BFC2-7EE22538B5C8}.Release|x86.ActiveCfg = Release|Any CPU
		{350C9B9D-3ABE-4D54-BFC2-7EE22538B5C8}.Release|x86.Build.0 = Release|Any CPU
		{4B70C4A8-6C52-423D-B368-0BD76B432AF8}.Debug|Any CPU.ActiveCfg = Debug|Any CPU
		{4B70C4A8-6C52-423D-B368-0BD76B432AF8}.Debug|Any CPU.Build.0 = Debug|Any CPU
		{4B70C4A8-6C52-423D-B368-0BD76B432AF8}.Debug|x64.ActiveCfg = Debug|Any CPU
		{4B70C4A8-6C52-423D-B368-0BD76B432AF8}.Debug|x64.Build.0 = Debug|Any CPU
		{4B70C4A8-6C52-423D-B368-0BD76B432AF8}.Debug|x86.ActiveCfg = Debug|Any CPU
		{4B70C4A8-6C52-423D-B368-0BD76B432AF8}.Debug|x86.Build.0 = Debug|Any CPU
		{4B70C4A8-6C52-423D-B368-0BD76B432AF8}.Release|Any CPU.ActiveCfg = Release|Any CPU
		{4B70C4A8-6C52-423D-B368-0BD76B432AF8}.Release|Any CPU.Build.0 = Release|Any CPU
		{4B70C4A8-6C52-423D-B368-0BD76B432AF8}.Release|x64.ActiveCfg = Release|Any CPU
		{4B70C4A8-6C52-423D-B368-0BD76B432AF8}.Release|x64.Build.0 = Release|Any CPU
		{4B70C4A8-6C52-423D-B368-0BD76B432AF8}.Release|x86.ActiveCfg = Release|Any CPU
		{4B70C4A8-6C52-423D-B368-0BD76B432AF8}.Release|x86.Build.0 = Release|Any CPU
		{54D3ED5B-3BCB-4872-850F-5F5B3B422FE3}.Debug|Any CPU.ActiveCfg = Debug|Any CPU
		{54D3ED5B-3BCB-4872-850F-5F5B3B422FE3}.Debug|Any CPU.Build.0 = Debug|Any CPU
		{54D3ED5B-3BCB-4872-850F-5F5B3B422FE3}.Debug|x64.ActiveCfg = Debug|Any CPU
		{54D3ED5B-3BCB-4872-850F-5F5B3B422FE3}.Debug|x64.Build.0 = Debug|Any CPU
		{54D3ED5B-3BCB-4872-850F-5F5B3B422FE3}.Debug|x86.ActiveCfg = Debug|Any CPU
		{54D3ED5B-3BCB-4872-850F-5F5B3B422FE3}.Debug|x86.Build.0 = Debug|Any CPU
		{54D3ED5B-3BCB-4872-850F-5F5B3B422FE3}.Release|Any CPU.ActiveCfg = Release|Any CPU
		{54D3ED5B-3BCB-4872-850F-5F5B3B422FE3}.Release|Any CPU.Build.0 = Release|Any CPU
		{54D3ED5B-3BCB-4872-850F-5F5B3B422FE3}.Release|x64.ActiveCfg = Release|Any CPU
		{54D3ED5B-3BCB-4872-850F-5F5B3B422FE3}.Release|x64.Build.0 = Release|Any CPU
		{54D3ED5B-3BCB-4872-850F-5F5B3B422FE3}.Release|x86.ActiveCfg = Release|Any CPU
		{54D3ED5B-3BCB-4872-850F-5F5B3B422FE3}.Release|x86.Build.0 = Release|Any CPU
		{FC34856C-FE50-49CE-812E-053F9F5193FF}.Debug|Any CPU.ActiveCfg = Debug|Any CPU
		{FC34856C-FE50-49CE-812E-053F9F5193FF}.Debug|Any CPU.Build.0 = Debug|Any CPU
		{FC34856C-FE50-49CE-812E-053F9F5193FF}.Debug|x64.ActiveCfg = Debug|Any CPU
		{FC34856C-FE50-49CE-812E-053F9F5193FF}.Debug|x64.Build.0 = Debug|Any CPU
		{FC34856C-FE50-49CE-812E-053F9F5193FF}.Debug|x86.ActiveCfg = Debug|Any CPU
		{FC34856C-FE50-49CE-812E-053F9F5193FF}.Debug|x86.Build.0 = Debug|Any CPU
		{FC34856C-FE50-49CE-812E-053F9F5193FF}.Release|Any CPU.ActiveCfg = Release|Any CPU
		{FC34856C-FE50-49CE-812E-053F9F5193FF}.Release|Any CPU.Build.0 = Release|Any CPU
		{FC34856C-FE50-49CE-812E-053F9F5193FF}.Release|x64.ActiveCfg = Release|Any CPU
		{FC34856C-FE50-49CE-812E-053F9F5193FF}.Release|x64.Build.0 = Release|Any CPU
		{FC34856C-FE50-49CE-812E-053F9F5193FF}.Release|x86.ActiveCfg = Release|Any CPU
		{FC34856C-FE50-49CE-812E-053F9F5193FF}.Release|x86.Build.0 = Release|Any CPU
		{5EB7142F-4969-4B1C-A8AD-F4C526701412}.Debug|Any CPU.ActiveCfg = Debug|Any CPU
		{5EB7142F-4969-4B1C-A8AD-F4C526701412}.Debug|Any CPU.Build.0 = Debug|Any CPU
		{5EB7142F-4969-4B1C-A8AD-F4C526701412}.Debug|x64.ActiveCfg = Debug|Any CPU
		{5EB7142F-4969-4B1C-A8AD-F4C526701412}.Debug|x64.Build.0 = Debug|Any CPU
		{5EB7142F-4969-4B1C-A8AD-F4C526701412}.Debug|x86.ActiveCfg = Debug|Any CPU
		{5EB7142F-4969-4B1C-A8AD-F4C526701412}.Debug|x86.Build.0 = Debug|Any CPU
		{5EB7142F-4969-4B1C-A8AD-F4C526701412}.Release|Any CPU.ActiveCfg = Release|Any CPU
		{5EB7142F-4969-4B1C-A8AD-F4C526701412}.Release|Any CPU.Build.0 = Release|Any CPU
		{5EB7142F-4969-4B1C-A8AD-F4C526701412}.Release|x64.ActiveCfg = Release|Any CPU
		{5EB7142F-4969-4B1C-A8AD-F4C526701412}.Release|x64.Build.0 = Release|Any CPU
		{5EB7142F-4969-4B1C-A8AD-F4C526701412}.Release|x86.ActiveCfg = Release|Any CPU
		{5EB7142F-4969-4B1C-A8AD-F4C526701412}.Release|x86.Build.0 = Release|Any CPU
		{31BA226D-53DD-4F43-A001-F79D8766C412}.Debug|Any CPU.ActiveCfg = Debug|Any CPU
		{31BA226D-53DD-4F43-A001-F79D8766C412}.Debug|Any CPU.Build.0 = Debug|Any CPU
		{31BA226D-53DD-4F43-A001-F79D8766C412}.Debug|x64.ActiveCfg = Debug|Any CPU
		{31BA226D-53DD-4F43-A001-F79D8766C412}.Debug|x64.Build.0 = Debug|Any CPU
		{31BA226D-53DD-4F43-A001-F79D8766C412}.Debug|x86.ActiveCfg = Debug|Any CPU
		{31BA226D-53DD-4F43-A001-F79D8766C412}.Debug|x86.Build.0 = Debug|Any CPU
		{31BA226D-53DD-4F43-A001-F79D8766C412}.Release|Any CPU.ActiveCfg = Release|Any CPU
		{31BA226D-53DD-4F43-A001-F79D8766C412}.Release|Any CPU.Build.0 = Release|Any CPU
		{31BA226D-53DD-4F43-A001-F79D8766C412}.Release|x64.ActiveCfg = Release|Any CPU
		{31BA226D-53DD-4F43-A001-F79D8766C412}.Release|x64.Build.0 = Release|Any CPU
		{31BA226D-53DD-4F43-A001-F79D8766C412}.Release|x86.ActiveCfg = Release|Any CPU
		{31BA226D-53DD-4F43-A001-F79D8766C412}.Release|x86.Build.0 = Release|Any CPU
		{3DB0247C-1166-4141-9AB3-4BABE212B335}.Debug|Any CPU.ActiveCfg = Debug|Any CPU
		{3DB0247C-1166-4141-9AB3-4BABE212B335}.Debug|Any CPU.Build.0 = Debug|Any CPU
		{3DB0247C-1166-4141-9AB3-4BABE212B335}.Debug|x64.ActiveCfg = Debug|Any CPU
		{3DB0247C-1166-4141-9AB3-4BABE212B335}.Debug|x64.Build.0 = Debug|Any CPU
		{3DB0247C-1166-4141-9AB3-4BABE212B335}.Debug|x86.ActiveCfg = Debug|Any CPU
		{3DB0247C-1166-4141-9AB3-4BABE212B335}.Debug|x86.Build.0 = Debug|Any CPU
		{3DB0247C-1166-4141-9AB3-4BABE212B335}.Release|Any CPU.ActiveCfg = Release|Any CPU
		{3DB0247C-1166-4141-9AB3-4BABE212B335}.Release|Any CPU.Build.0 = Release|Any CPU
		{3DB0247C-1166-4141-9AB3-4BABE212B335}.Release|x64.ActiveCfg = Release|Any CPU
		{3DB0247C-1166-4141-9AB3-4BABE212B335}.Release|x64.Build.0 = Release|Any CPU
		{3DB0247C-1166-4141-9AB3-4BABE212B335}.Release|x86.ActiveCfg = Release|Any CPU
		{3DB0247C-1166-4141-9AB3-4BABE212B335}.Release|x86.Build.0 = Release|Any CPU
		{1FB3B6F6-F47F-49CE-ADF2-113764CD8157}.Debug|Any CPU.ActiveCfg = Debug|Any CPU
		{1FB3B6F6-F47F-49CE-ADF2-113764CD8157}.Debug|Any CPU.Build.0 = Debug|Any CPU
		{1FB3B6F6-F47F-49CE-ADF2-113764CD8157}.Debug|x64.ActiveCfg = Debug|Any CPU
		{1FB3B6F6-F47F-49CE-ADF2-113764CD8157}.Debug|x64.Build.0 = Debug|Any CPU
		{1FB3B6F6-F47F-49CE-ADF2-113764CD8157}.Debug|x86.ActiveCfg = Debug|Any CPU
		{1FB3B6F6-F47F-49CE-ADF2-113764CD8157}.Debug|x86.Build.0 = Debug|Any CPU
		{1FB3B6F6-F47F-49CE-ADF2-113764CD8157}.Release|Any CPU.ActiveCfg = Release|Any CPU
		{1FB3B6F6-F47F-49CE-ADF2-113764CD8157}.Release|Any CPU.Build.0 = Release|Any CPU
		{1FB3B6F6-F47F-49CE-ADF2-113764CD8157}.Release|x64.ActiveCfg = Release|Any CPU
		{1FB3B6F6-F47F-49CE-ADF2-113764CD8157}.Release|x64.Build.0 = Release|Any CPU
		{1FB3B6F6-F47F-49CE-ADF2-113764CD8157}.Release|x86.ActiveCfg = Release|Any CPU
		{1FB3B6F6-F47F-49CE-ADF2-113764CD8157}.Release|x86.Build.0 = Release|Any CPU
		{AA6DF67B-764A-4A57-A41F-2884CB4F30E5}.Debug|Any CPU.ActiveCfg = Debug|Any CPU
		{AA6DF67B-764A-4A57-A41F-2884CB4F30E5}.Debug|Any CPU.Build.0 = Debug|Any CPU
		{AA6DF67B-764A-4A57-A41F-2884CB4F30E5}.Debug|x64.ActiveCfg = Debug|Any CPU
		{AA6DF67B-764A-4A57-A41F-2884CB4F30E5}.Debug|x64.Build.0 = Debug|Any CPU
		{AA6DF67B-764A-4A57-A41F-2884CB4F30E5}.Debug|x86.ActiveCfg = Debug|Any CPU
		{AA6DF67B-764A-4A57-A41F-2884CB4F30E5}.Debug|x86.Build.0 = Debug|Any CPU
		{AA6DF67B-764A-4A57-A41F-2884CB4F30E5}.Release|Any CPU.ActiveCfg = Release|Any CPU
		{AA6DF67B-764A-4A57-A41F-2884CB4F30E5}.Release|Any CPU.Build.0 = Release|Any CPU
		{AA6DF67B-764A-4A57-A41F-2884CB4F30E5}.Release|x64.ActiveCfg = Release|Any CPU
		{AA6DF67B-764A-4A57-A41F-2884CB4F30E5}.Release|x64.Build.0 = Release|Any CPU
		{AA6DF67B-764A-4A57-A41F-2884CB4F30E5}.Release|x86.ActiveCfg = Release|Any CPU
		{AA6DF67B-764A-4A57-A41F-2884CB4F30E5}.Release|x86.Build.0 = Release|Any CPU
		{ECEEE68C-A5CE-4875-AFA2-E6A20541EED0}.Debug|Any CPU.ActiveCfg = Debug|Any CPU
		{ECEEE68C-A5CE-4875-AFA2-E6A20541EED0}.Debug|Any CPU.Build.0 = Debug|Any CPU
		{ECEEE68C-A5CE-4875-AFA2-E6A20541EED0}.Debug|x64.ActiveCfg = Debug|Any CPU
		{ECEEE68C-A5CE-4875-AFA2-E6A20541EED0}.Debug|x64.Build.0 = Debug|Any CPU
		{ECEEE68C-A5CE-4875-AFA2-E6A20541EED0}.Debug|x86.ActiveCfg = Debug|Any CPU
		{ECEEE68C-A5CE-4875-AFA2-E6A20541EED0}.Debug|x86.Build.0 = Debug|Any CPU
		{ECEEE68C-A5CE-4875-AFA2-E6A20541EED0}.Release|Any CPU.ActiveCfg = Release|Any CPU
		{ECEEE68C-A5CE-4875-AFA2-E6A20541EED0}.Release|Any CPU.Build.0 = Release|Any CPU
		{ECEEE68C-A5CE-4875-AFA2-E6A20541EED0}.Release|x64.ActiveCfg = Release|Any CPU
		{ECEEE68C-A5CE-4875-AFA2-E6A20541EED0}.Release|x64.Build.0 = Release|Any CPU
		{ECEEE68C-A5CE-4875-AFA2-E6A20541EED0}.Release|x86.ActiveCfg = Release|Any CPU
		{ECEEE68C-A5CE-4875-AFA2-E6A20541EED0}.Release|x86.Build.0 = Release|Any CPU
		{41C1F4F4-FAC3-4990-8C9B-C854F8871BE2}.Debug|Any CPU.ActiveCfg = Debug|Any CPU
		{41C1F4F4-FAC3-4990-8C9B-C854F8871BE2}.Debug|Any CPU.Build.0 = Debug|Any CPU
		{41C1F4F4-FAC3-4990-8C9B-C854F8871BE2}.Debug|x64.ActiveCfg = Debug|Any CPU
		{41C1F4F4-FAC3-4990-8C9B-C854F8871BE2}.Debug|x64.Build.0 = Debug|Any CPU
		{41C1F4F4-FAC3-4990-8C9B-C854F8871BE2}.Debug|x86.ActiveCfg = Debug|Any CPU
		{41C1F4F4-FAC3-4990-8C9B-C854F8871BE2}.Debug|x86.Build.0 = Debug|Any CPU
		{41C1F4F4-FAC3-4990-8C9B-C854F8871BE2}.Release|Any CPU.ActiveCfg = Release|Any CPU
		{41C1F4F4-FAC3-4990-8C9B-C854F8871BE2}.Release|Any CPU.Build.0 = Release|Any CPU
		{41C1F4F4-FAC3-4990-8C9B-C854F8871BE2}.Release|x64.ActiveCfg = Release|Any CPU
		{41C1F4F4-FAC3-4990-8C9B-C854F8871BE2}.Release|x64.Build.0 = Release|Any CPU
		{41C1F4F4-FAC3-4990-8C9B-C854F8871BE2}.Release|x86.ActiveCfg = Release|Any CPU
		{41C1F4F4-FAC3-4990-8C9B-C854F8871BE2}.Release|x86.Build.0 = Release|Any CPU
		{46BBBA2E-EFB1-4539-A992-5398AE6D5D95}.Debug|Any CPU.ActiveCfg = Debug|Any CPU
		{46BBBA2E-EFB1-4539-A992-5398AE6D5D95}.Debug|Any CPU.Build.0 = Debug|Any CPU
		{46BBBA2E-EFB1-4539-A992-5398AE6D5D95}.Debug|x64.ActiveCfg = Debug|Any CPU
		{46BBBA2E-EFB1-4539-A992-5398AE6D5D95}.Debug|x64.Build.0 = Debug|Any CPU
		{46BBBA2E-EFB1-4539-A992-5398AE6D5D95}.Debug|x86.ActiveCfg = Debug|Any CPU
		{46BBBA2E-EFB1-4539-A992-5398AE6D5D95}.Debug|x86.Build.0 = Debug|Any CPU
		{46BBBA2E-EFB1-4539-A992-5398AE6D5D95}.Release|Any CPU.ActiveCfg = Release|Any CPU
		{46BBBA2E-EFB1-4539-A992-5398AE6D5D95}.Release|Any CPU.Build.0 = Release|Any CPU
		{46BBBA2E-EFB1-4539-A992-5398AE6D5D95}.Release|x64.ActiveCfg = Release|Any CPU
		{46BBBA2E-EFB1-4539-A992-5398AE6D5D95}.Release|x64.Build.0 = Release|Any CPU
		{46BBBA2E-EFB1-4539-A992-5398AE6D5D95}.Release|x86.ActiveCfg = Release|Any CPU
		{46BBBA2E-EFB1-4539-A992-5398AE6D5D95}.Release|x86.Build.0 = Release|Any CPU
		{D07422C4-6403-429D-8381-5B3CA8472F6B}.Debug|Any CPU.ActiveCfg = Debug|Any CPU
		{D07422C4-6403-429D-8381-5B3CA8472F6B}.Debug|Any CPU.Build.0 = Debug|Any CPU
		{D07422C4-6403-429D-8381-5B3CA8472F6B}.Debug|x64.ActiveCfg = Debug|Any CPU
		{D07422C4-6403-429D-8381-5B3CA8472F6B}.Debug|x64.Build.0 = Debug|Any CPU
		{D07422C4-6403-429D-8381-5B3CA8472F6B}.Debug|x86.ActiveCfg = Debug|Any CPU
		{D07422C4-6403-429D-8381-5B3CA8472F6B}.Debug|x86.Build.0 = Debug|Any CPU
		{D07422C4-6403-429D-8381-5B3CA8472F6B}.Release|Any CPU.ActiveCfg = Release|Any CPU
		{D07422C4-6403-429D-8381-5B3CA8472F6B}.Release|Any CPU.Build.0 = Release|Any CPU
		{D07422C4-6403-429D-8381-5B3CA8472F6B}.Release|x64.ActiveCfg = Release|Any CPU
		{D07422C4-6403-429D-8381-5B3CA8472F6B}.Release|x64.Build.0 = Release|Any CPU
		{D07422C4-6403-429D-8381-5B3CA8472F6B}.Release|x86.ActiveCfg = Release|Any CPU
		{D07422C4-6403-429D-8381-5B3CA8472F6B}.Release|x86.Build.0 = Release|Any CPU
		{206CE889-7F47-4D9D-833B-1F0651340F39}.Debug|Any CPU.ActiveCfg = Debug|Any CPU
		{206CE889-7F47-4D9D-833B-1F0651340F39}.Debug|Any CPU.Build.0 = Debug|Any CPU
		{206CE889-7F47-4D9D-833B-1F0651340F39}.Debug|x64.ActiveCfg = Debug|Any CPU
		{206CE889-7F47-4D9D-833B-1F0651340F39}.Debug|x64.Build.0 = Debug|Any CPU
		{206CE889-7F47-4D9D-833B-1F0651340F39}.Debug|x86.ActiveCfg = Debug|Any CPU
		{206CE889-7F47-4D9D-833B-1F0651340F39}.Debug|x86.Build.0 = Debug|Any CPU
		{206CE889-7F47-4D9D-833B-1F0651340F39}.Release|Any CPU.ActiveCfg = Release|Any CPU
		{206CE889-7F47-4D9D-833B-1F0651340F39}.Release|Any CPU.Build.0 = Release|Any CPU
		{206CE889-7F47-4D9D-833B-1F0651340F39}.Release|x64.ActiveCfg = Release|Any CPU
		{206CE889-7F47-4D9D-833B-1F0651340F39}.Release|x64.Build.0 = Release|Any CPU
		{206CE889-7F47-4D9D-833B-1F0651340F39}.Release|x86.ActiveCfg = Release|Any CPU
		{206CE889-7F47-4D9D-833B-1F0651340F39}.Release|x86.Build.0 = Release|Any CPU
		{FD064DEB-6858-44A3-BE20-EB42F4633410}.Debug|Any CPU.ActiveCfg = Debug|Any CPU
		{FD064DEB-6858-44A3-BE20-EB42F4633410}.Debug|Any CPU.Build.0 = Debug|Any CPU
		{FD064DEB-6858-44A3-BE20-EB42F4633410}.Debug|x64.ActiveCfg = Debug|Any CPU
		{FD064DEB-6858-44A3-BE20-EB42F4633410}.Debug|x64.Build.0 = Debug|Any CPU
		{FD064DEB-6858-44A3-BE20-EB42F4633410}.Debug|x86.ActiveCfg = Debug|Any CPU
		{FD064DEB-6858-44A3-BE20-EB42F4633410}.Debug|x86.Build.0 = Debug|Any CPU
		{FD064DEB-6858-44A3-BE20-EB42F4633410}.Release|Any CPU.ActiveCfg = Release|Any CPU
		{FD064DEB-6858-44A3-BE20-EB42F4633410}.Release|Any CPU.Build.0 = Release|Any CPU
		{FD064DEB-6858-44A3-BE20-EB42F4633410}.Release|x64.ActiveCfg = Release|Any CPU
		{FD064DEB-6858-44A3-BE20-EB42F4633410}.Release|x64.Build.0 = Release|Any CPU
		{FD064DEB-6858-44A3-BE20-EB42F4633410}.Release|x86.ActiveCfg = Release|Any CPU
		{FD064DEB-6858-44A3-BE20-EB42F4633410}.Release|x86.Build.0 = Release|Any CPU
		{537F9A3F-A269-42BC-8808-6F53135C5614}.Debug|Any CPU.ActiveCfg = Debug|Any CPU
		{537F9A3F-A269-42BC-8808-6F53135C5614}.Debug|Any CPU.Build.0 = Debug|Any CPU
		{537F9A3F-A269-42BC-8808-6F53135C5614}.Debug|x64.ActiveCfg = Debug|Any CPU
		{537F9A3F-A269-42BC-8808-6F53135C5614}.Debug|x64.Build.0 = Debug|Any CPU
		{537F9A3F-A269-42BC-8808-6F53135C5614}.Debug|x86.ActiveCfg = Debug|Any CPU
		{537F9A3F-A269-42BC-8808-6F53135C5614}.Debug|x86.Build.0 = Debug|Any CPU
		{537F9A3F-A269-42BC-8808-6F53135C5614}.Release|Any CPU.ActiveCfg = Release|Any CPU
		{537F9A3F-A269-42BC-8808-6F53135C5614}.Release|Any CPU.Build.0 = Release|Any CPU
		{537F9A3F-A269-42BC-8808-6F53135C5614}.Release|x64.ActiveCfg = Release|Any CPU
		{537F9A3F-A269-42BC-8808-6F53135C5614}.Release|x64.Build.0 = Release|Any CPU
		{537F9A3F-A269-42BC-8808-6F53135C5614}.Release|x86.ActiveCfg = Release|Any CPU
		{537F9A3F-A269-42BC-8808-6F53135C5614}.Release|x86.Build.0 = Release|Any CPU
		{BFE0D360-5DFA-4752-80AF-7CB13BF98E71}.Debug|Any CPU.ActiveCfg = Debug|Any CPU
		{BFE0D360-5DFA-4752-80AF-7CB13BF98E71}.Debug|Any CPU.Build.0 = Debug|Any CPU
		{BFE0D360-5DFA-4752-80AF-7CB13BF98E71}.Debug|x64.ActiveCfg = Debug|Any CPU
		{BFE0D360-5DFA-4752-80AF-7CB13BF98E71}.Debug|x64.Build.0 = Debug|Any CPU
		{BFE0D360-5DFA-4752-80AF-7CB13BF98E71}.Debug|x86.ActiveCfg = Debug|Any CPU
		{BFE0D360-5DFA-4752-80AF-7CB13BF98E71}.Debug|x86.Build.0 = Debug|Any CPU
		{BFE0D360-5DFA-4752-80AF-7CB13BF98E71}.Release|Any CPU.ActiveCfg = Release|Any CPU
		{BFE0D360-5DFA-4752-80AF-7CB13BF98E71}.Release|Any CPU.Build.0 = Release|Any CPU
		{BFE0D360-5DFA-4752-80AF-7CB13BF98E71}.Release|x64.ActiveCfg = Release|Any CPU
		{BFE0D360-5DFA-4752-80AF-7CB13BF98E71}.Release|x64.Build.0 = Release|Any CPU
		{BFE0D360-5DFA-4752-80AF-7CB13BF98E71}.Release|x86.ActiveCfg = Release|Any CPU
		{BFE0D360-5DFA-4752-80AF-7CB13BF98E71}.Release|x86.Build.0 = Release|Any CPU
		{084FA40C-F1ED-4DB8-856C-29A763F19D17}.Debug|Any CPU.ActiveCfg = Debug|Any CPU
		{084FA40C-F1ED-4DB8-856C-29A763F19D17}.Debug|Any CPU.Build.0 = Debug|Any CPU
		{084FA40C-F1ED-4DB8-856C-29A763F19D17}.Debug|x64.ActiveCfg = Debug|Any CPU
		{084FA40C-F1ED-4DB8-856C-29A763F19D17}.Debug|x64.Build.0 = Debug|Any CPU
		{084FA40C-F1ED-4DB8-856C-29A763F19D17}.Debug|x86.ActiveCfg = Debug|Any CPU
		{084FA40C-F1ED-4DB8-856C-29A763F19D17}.Debug|x86.Build.0 = Debug|Any CPU
		{084FA40C-F1ED-4DB8-856C-29A763F19D17}.Release|Any CPU.ActiveCfg = Release|Any CPU
		{084FA40C-F1ED-4DB8-856C-29A763F19D17}.Release|Any CPU.Build.0 = Release|Any CPU
		{084FA40C-F1ED-4DB8-856C-29A763F19D17}.Release|x64.ActiveCfg = Release|Any CPU
		{084FA40C-F1ED-4DB8-856C-29A763F19D17}.Release|x64.Build.0 = Release|Any CPU
		{084FA40C-F1ED-4DB8-856C-29A763F19D17}.Release|x86.ActiveCfg = Release|Any CPU
		{084FA40C-F1ED-4DB8-856C-29A763F19D17}.Release|x86.Build.0 = Release|Any CPU
		{9FA3DDB2-605B-481C-B4C1-352DAD1A800B}.Debug|Any CPU.ActiveCfg = Debug|Any CPU
		{9FA3DDB2-605B-481C-B4C1-352DAD1A800B}.Debug|Any CPU.Build.0 = Debug|Any CPU
		{9FA3DDB2-605B-481C-B4C1-352DAD1A800B}.Debug|Any CPU.Deploy.0 = Debug|Any CPU
		{9FA3DDB2-605B-481C-B4C1-352DAD1A800B}.Debug|x64.ActiveCfg = Debug|Any CPU
		{9FA3DDB2-605B-481C-B4C1-352DAD1A800B}.Debug|x64.Build.0 = Debug|Any CPU
		{9FA3DDB2-605B-481C-B4C1-352DAD1A800B}.Debug|x64.Deploy.0 = Debug|Any CPU
		{9FA3DDB2-605B-481C-B4C1-352DAD1A800B}.Debug|x86.ActiveCfg = Debug|Any CPU
		{9FA3DDB2-605B-481C-B4C1-352DAD1A800B}.Debug|x86.Build.0 = Debug|Any CPU
		{9FA3DDB2-605B-481C-B4C1-352DAD1A800B}.Debug|x86.Deploy.0 = Debug|Any CPU
		{9FA3DDB2-605B-481C-B4C1-352DAD1A800B}.Release|Any CPU.ActiveCfg = Release|Any CPU
		{9FA3DDB2-605B-481C-B4C1-352DAD1A800B}.Release|Any CPU.Build.0 = Release|Any CPU
		{9FA3DDB2-605B-481C-B4C1-352DAD1A800B}.Release|Any CPU.Deploy.0 = Release|Any CPU
		{9FA3DDB2-605B-481C-B4C1-352DAD1A800B}.Release|x64.ActiveCfg = Release|Any CPU
		{9FA3DDB2-605B-481C-B4C1-352DAD1A800B}.Release|x64.Build.0 = Release|Any CPU
		{9FA3DDB2-605B-481C-B4C1-352DAD1A800B}.Release|x64.Deploy.0 = Release|Any CPU
		{9FA3DDB2-605B-481C-B4C1-352DAD1A800B}.Release|x86.ActiveCfg = Release|Any CPU
		{9FA3DDB2-605B-481C-B4C1-352DAD1A800B}.Release|x86.Build.0 = Release|Any CPU
		{9FA3DDB2-605B-481C-B4C1-352DAD1A800B}.Release|x86.Deploy.0 = Release|Any CPU
		{9E17C536-E7AB-4FFD-87C3-A2D40C93DFDF}.Debug|Any CPU.ActiveCfg = Debug|Any CPU
		{9E17C536-E7AB-4FFD-87C3-A2D40C93DFDF}.Debug|Any CPU.Build.0 = Debug|Any CPU
		{9E17C536-E7AB-4FFD-87C3-A2D40C93DFDF}.Debug|x64.ActiveCfg = Debug|Any CPU
		{9E17C536-E7AB-4FFD-87C3-A2D40C93DFDF}.Debug|x64.Build.0 = Debug|Any CPU
		{9E17C536-E7AB-4FFD-87C3-A2D40C93DFDF}.Debug|x86.ActiveCfg = Debug|Any CPU
		{9E17C536-E7AB-4FFD-87C3-A2D40C93DFDF}.Debug|x86.Build.0 = Debug|Any CPU
		{9E17C536-E7AB-4FFD-87C3-A2D40C93DFDF}.Release|Any CPU.ActiveCfg = Release|Any CPU
		{9E17C536-E7AB-4FFD-87C3-A2D40C93DFDF}.Release|Any CPU.Build.0 = Release|Any CPU
		{9E17C536-E7AB-4FFD-87C3-A2D40C93DFDF}.Release|x64.ActiveCfg = Release|Any CPU
		{9E17C536-E7AB-4FFD-87C3-A2D40C93DFDF}.Release|x64.Build.0 = Release|Any CPU
		{9E17C536-E7AB-4FFD-87C3-A2D40C93DFDF}.Release|x86.ActiveCfg = Release|Any CPU
		{9E17C536-E7AB-4FFD-87C3-A2D40C93DFDF}.Release|x86.Build.0 = Release|Any CPU
	EndGlobalSection
	GlobalSection(SolutionProperties) = preSolution
		HideSolutionNode = FALSE
	EndGlobalSection
	GlobalSection(ExtensibilityGlobals) = postSolution
		SolutionGuid = {8A9B0852-45D9-405D-8E35-CD63AFBC9DB9}
	EndGlobalSection
EndGlobal
